
Microsoft Visual Studio Solution File, Format Version 12.00
# Visual Studio Version 16
VisualStudioVersion = 16.0.28922.388
MinimumVisualStudioVersion = 10.0.40219.1
Project("{FAE04EC0-301F-11D3-BF4B-00C04F79EFBC}") = "NetParty.Application", "NetParty.Application\NetParty.Application.csproj", "{E42FC7F9-AB0D-4479-8381-A96250B56315}"
EndProject
Project("{FAE04EC0-301F-11D3-BF4B-00C04F79EFBC}") = "NetParty.Application.IntegrationTests", "..\NetParty.Application.IntegrationTests\NetParty.Application.IntegrationTests\NetParty.Application.IntegrationTests.csproj", "{E8C63990-0139-4708-A7C1-5CAB0456B915}"
EndProject
Project("{FAE04EC0-301F-11D3-BF4B-00C04F79EFBC}") = "NetParty.Application.UnitTests", "..\NetParty.Application.UnitTests\NetParty.Application.UnitTests\NetParty.Application.UnitTests.csproj", "{6DF192EE-ECDE-43D4-BFDD-BD2C6ED0A1F4}"
EndProject
Global
	GlobalSection(SolutionConfigurationPlatforms) = preSolution
		Debug|Any CPU = Debug|Any CPU
		Release|Any CPU = Release|Any CPU
	EndGlobalSection
	GlobalSection(ProjectConfigurationPlatforms) = postSolution
		{E42FC7F9-AB0D-4479-8381-A96250B56315}.Debug|Any CPU.ActiveCfg = Debug|Any CPU
		{E42FC7F9-AB0D-4479-8381-A96250B56315}.Debug|Any CPU.Build.0 = Debug|Any CPU
		{E42FC7F9-AB0D-4479-8381-A96250B56315}.Release|Any CPU.ActiveCfg = Release|Any CPU
		{E42FC7F9-AB0D-4479-8381-A96250B56315}.Release|Any CPU.Build.0 = Release|Any CPU
		{E8C63990-0139-4708-A7C1-5CAB0456B915}.Debug|Any CPU.ActiveCfg = Debug|Any CPU
		{E8C63990-0139-4708-A7C1-5CAB0456B915}.Debug|Any CPU.Build.0 = Debug|Any CPU
		{E8C63990-0139-4708-A7C1-5CAB0456B915}.Release|Any CPU.ActiveCfg = Release|Any CPU
		{E8C63990-0139-4708-A7C1-5CAB0456B915}.Release|Any CPU.Build.0 = Release|Any CPU
		{6DF192EE-ECDE-43D4-BFDD-BD2C6ED0A1F4}.Debug|Any CPU.ActiveCfg = Debug|Any CPU
		{6DF192EE-ECDE-43D4-BFDD-BD2C6ED0A1F4}.Debug|Any CPU.Build.0 = Debug|Any CPU
		{6DF192EE-ECDE-43D4-BFDD-BD2C6ED0A1F4}.Release|Any CPU.ActiveCfg = Release|Any CPU
		{6DF192EE-ECDE-43D4-BFDD-BD2C6ED0A1F4}.Release|Any CPU.Build.0 = Release|Any CPU
	EndGlobalSection
	GlobalSection(SolutionProperties) = preSolution
		HideSolutionNode = FALSE
	EndGlobalSection
	GlobalSection(ExtensibilityGlobals) = postSolution
		SolutionGuid = {18C53C3E-A84C-4A15-9C90-81FD9E379320}
	EndGlobalSection
EndGlobal
