
Microsoft Visual Studio Solution File, Format Version 12.00
# Visual Studio 15
VisualStudioVersion = 15.0.28307.421
MinimumVisualStudioVersion = 10.0.40219.1
Project("{FAE04EC0-301F-11D3-BF4B-00C04F79EFBC}") = "Net-party", "Net-party\Net-party.csproj", "{CAC4ACA8-BF45-4AAA-A67B-4165EF6B5999}"
EndProject
Global
	GlobalSection(SolutionConfigurationPlatforms) = preSolution
		Debug|Any CPU = Debug|Any CPU
		Release|Any CPU = Release|Any CPU
	EndGlobalSection
	GlobalSection(ProjectConfigurationPlatforms) = postSolution
		{CAC4ACA8-BF45-4AAA-A67B-4165EF6B5999}.Debug|Any CPU.ActiveCfg = Debug|Any CPU
		{CAC4ACA8-BF45-4AAA-A67B-4165EF6B5999}.Debug|Any CPU.Build.0 = Debug|Any CPU
		{CAC4ACA8-BF45-4AAA-A67B-4165EF6B5999}.Release|Any CPU.ActiveCfg = Release|Any CPU
		{CAC4ACA8-BF45-4AAA-A67B-4165EF6B5999}.Release|Any CPU.Build.0 = Release|Any CPU
	EndGlobalSection
	GlobalSection(SolutionProperties) = preSolution
		HideSolutionNode = FALSE
	EndGlobalSection
	GlobalSection(ExtensibilityGlobals) = postSolution
		SolutionGuid = {C8EDD59B-6164-4C10-B5E9-0FAF742C7FD0}
	EndGlobalSection
EndGlobal
