
Microsoft Visual Studio Solution File, Format Version 12.00
# Visual Studio Version 16
VisualStudioVersion = 16.0.29215.179
MinimumVisualStudioVersion = 10.0.40219.1
Project("{9A19103F-16F7-4668-BE54-9A1E7A4F7556}") = "partycli", "partycli.csproj", "{2D27FB20-E771-4AB7-AC68-CC114F023299}"
EndProject
Project("{9A19103F-16F7-4668-BE54-9A1E7A4F7556}") = "partycli.DataAccess", "..\partycli.DataAccess\partycli.DataAccess.csproj", "{DBFBEBC2-126C-4463-B982-1F95939D4B9D}"
EndProject
Project("{9A19103F-16F7-4668-BE54-9A1E7A4F7556}") = "partycli.Contracts", "..\partycli.Contracts\partycli.Contracts.csproj", "{19419C9B-091E-4D27-9B2D-5B7B40BB8CA2}"
EndProject
Project("{FAE04EC0-301F-11D3-BF4B-00C04F79EFBC}") = "partycli.Tests", "..\partycli.Tests\partycli.Tests.csproj", "{087743FD-7CFA-45BD-906B-1A73BB520404}"
EndProject
Global
	GlobalSection(SolutionConfigurationPlatforms) = preSolution
		Debug|Any CPU = Debug|Any CPU
		Release|Any CPU = Release|Any CPU
	EndGlobalSection
	GlobalSection(ProjectConfigurationPlatforms) = postSolution
		{2D27FB20-E771-4AB7-AC68-CC114F023299}.Debug|Any CPU.ActiveCfg = Debug|Any CPU
		{2D27FB20-E771-4AB7-AC68-CC114F023299}.Debug|Any CPU.Build.0 = Debug|Any CPU
		{2D27FB20-E771-4AB7-AC68-CC114F023299}.Release|Any CPU.ActiveCfg = Release|Any CPU
		{2D27FB20-E771-4AB7-AC68-CC114F023299}.Release|Any CPU.Build.0 = Release|Any CPU
		{DBFBEBC2-126C-4463-B982-1F95939D4B9D}.Debug|Any CPU.ActiveCfg = Debug|Any CPU
		{DBFBEBC2-126C-4463-B982-1F95939D4B9D}.Debug|Any CPU.Build.0 = Debug|Any CPU
		{DBFBEBC2-126C-4463-B982-1F95939D4B9D}.Release|Any CPU.ActiveCfg = Release|Any CPU
		{DBFBEBC2-126C-4463-B982-1F95939D4B9D}.Release|Any CPU.Build.0 = Release|Any CPU
		{19419C9B-091E-4D27-9B2D-5B7B40BB8CA2}.Debug|Any CPU.ActiveCfg = Debug|Any CPU
		{19419C9B-091E-4D27-9B2D-5B7B40BB8CA2}.Debug|Any CPU.Build.0 = Debug|Any CPU
		{19419C9B-091E-4D27-9B2D-5B7B40BB8CA2}.Release|Any CPU.ActiveCfg = Release|Any CPU
		{19419C9B-091E-4D27-9B2D-5B7B40BB8CA2}.Release|Any CPU.Build.0 = Release|Any CPU
		{087743FD-7CFA-45BD-906B-1A73BB520404}.Debug|Any CPU.ActiveCfg = Debug|Any CPU
		{087743FD-7CFA-45BD-906B-1A73BB520404}.Debug|Any CPU.Build.0 = Debug|Any CPU
		{087743FD-7CFA-45BD-906B-1A73BB520404}.Release|Any CPU.ActiveCfg = Release|Any CPU
		{087743FD-7CFA-45BD-906B-1A73BB520404}.Release|Any CPU.Build.0 = Release|Any CPU
	EndGlobalSection
	GlobalSection(SolutionProperties) = preSolution
		HideSolutionNode = FALSE
	EndGlobalSection
	GlobalSection(ExtensibilityGlobals) = postSolution
		SolutionGuid = {2D68A11D-D4D9-433A-ACE5-E089543553CD}
	EndGlobalSection
EndGlobal
