
Microsoft Visual Studio Solution File, Format Version 12.00
# Visual Studio Version 16
VisualStudioVersion = 16.0.29020.237
MinimumVisualStudioVersion = 10.0.40219.1
Project("{FAE04EC0-301F-11D3-BF4B-00C04F79EFBC}") = "NetParty.CLI", "NetParty.CLI\NetParty.CLI.csproj", "{EF904D64-DD7C-4EC2-9569-DAA1FE8A4595}"
EndProject
Project("{FAE04EC0-301F-11D3-BF4B-00C04F79EFBC}") = "NetParty.Handlers", "NetParty.Handlers\NetParty.Handlers.csproj", "{7EA990AF-8C13-4BAA-B46B-BD3D7ADFEA54}"
EndProject
Project("{FAE04EC0-301F-11D3-BF4B-00C04F79EFBC}") = "NetParty.Contracts", "NetParty.Contracts\NetParty.Contracts.csproj", "{C6F6150B-58A7-4FD7-BA9D-2B58D611FD48}"
EndProject
Project("{FAE04EC0-301F-11D3-BF4B-00C04F79EFBC}") = "NetParty.Infrastructure", "NetParty.Infrastructure\NetParty.Infrastructure.csproj", "{1D8EFDD3-96D6-41C2-9C4A-DCB8C45D4344}"
EndProject
Project("{FAE04EC0-301F-11D3-BF4B-00C04F79EFBC}") = "NetParty.Domain", "NetParty.Domain\NetParty.Domain.csproj", "{38EDD1A1-11A9-4331-B2AF-35EC9E80FA64}"
EndProject
Project("{FAE04EC0-301F-11D3-BF4B-00C04F79EFBC}") = "NetParty.Tests", "NetParty.Tests\NetParty.Tests.csproj", "{73ABC1C6-0F76-4D16-AA17-B750CD58F7C3}"
EndProject
Global
	GlobalSection(SolutionConfigurationPlatforms) = preSolution
		Debug|Any CPU = Debug|Any CPU
		Release|Any CPU = Release|Any CPU
	EndGlobalSection
	GlobalSection(ProjectConfigurationPlatforms) = postSolution
		{EF904D64-DD7C-4EC2-9569-DAA1FE8A4595}.Debug|Any CPU.ActiveCfg = Debug|Any CPU
		{EF904D64-DD7C-4EC2-9569-DAA1FE8A4595}.Debug|Any CPU.Build.0 = Debug|Any CPU
		{EF904D64-DD7C-4EC2-9569-DAA1FE8A4595}.Release|Any CPU.ActiveCfg = Release|Any CPU
		{EF904D64-DD7C-4EC2-9569-DAA1FE8A4595}.Release|Any CPU.Build.0 = Release|Any CPU
		{7EA990AF-8C13-4BAA-B46B-BD3D7ADFEA54}.Debug|Any CPU.ActiveCfg = Debug|Any CPU
		{7EA990AF-8C13-4BAA-B46B-BD3D7ADFEA54}.Debug|Any CPU.Build.0 = Debug|Any CPU
		{7EA990AF-8C13-4BAA-B46B-BD3D7ADFEA54}.Release|Any CPU.ActiveCfg = Release|Any CPU
		{7EA990AF-8C13-4BAA-B46B-BD3D7ADFEA54}.Release|Any CPU.Build.0 = Release|Any CPU
		{C6F6150B-58A7-4FD7-BA9D-2B58D611FD48}.Debug|Any CPU.ActiveCfg = Debug|Any CPU
		{C6F6150B-58A7-4FD7-BA9D-2B58D611FD48}.Debug|Any CPU.Build.0 = Debug|Any CPU
		{C6F6150B-58A7-4FD7-BA9D-2B58D611FD48}.Release|Any CPU.ActiveCfg = Release|Any CPU
		{C6F6150B-58A7-4FD7-BA9D-2B58D611FD48}.Release|Any CPU.Build.0 = Release|Any CPU
		{1D8EFDD3-96D6-41C2-9C4A-DCB8C45D4344}.Debug|Any CPU.ActiveCfg = Debug|Any CPU
		{1D8EFDD3-96D6-41C2-9C4A-DCB8C45D4344}.Debug|Any CPU.Build.0 = Debug|Any CPU
		{1D8EFDD3-96D6-41C2-9C4A-DCB8C45D4344}.Release|Any CPU.ActiveCfg = Release|Any CPU
		{1D8EFDD3-96D6-41C2-9C4A-DCB8C45D4344}.Release|Any CPU.Build.0 = Release|Any CPU
		{38EDD1A1-11A9-4331-B2AF-35EC9E80FA64}.Debug|Any CPU.ActiveCfg = Debug|Any CPU
		{38EDD1A1-11A9-4331-B2AF-35EC9E80FA64}.Debug|Any CPU.Build.0 = Debug|Any CPU
		{38EDD1A1-11A9-4331-B2AF-35EC9E80FA64}.Release|Any CPU.ActiveCfg = Release|Any CPU
		{38EDD1A1-11A9-4331-B2AF-35EC9E80FA64}.Release|Any CPU.Build.0 = Release|Any CPU
		{73ABC1C6-0F76-4D16-AA17-B750CD58F7C3}.Debug|Any CPU.ActiveCfg = Debug|Any CPU
		{73ABC1C6-0F76-4D16-AA17-B750CD58F7C3}.Debug|Any CPU.Build.0 = Debug|Any CPU
		{73ABC1C6-0F76-4D16-AA17-B750CD58F7C3}.Release|Any CPU.ActiveCfg = Release|Any CPU
		{73ABC1C6-0F76-4D16-AA17-B750CD58F7C3}.Release|Any CPU.Build.0 = Release|Any CPU
	EndGlobalSection
	GlobalSection(SolutionProperties) = preSolution
		HideSolutionNode = FALSE
	EndGlobalSection
	GlobalSection(ExtensibilityGlobals) = postSolution
		SolutionGuid = {5DF4AA58-D569-42ED-8B7B-05D2B04524EC}
	EndGlobalSection
EndGlobal
